PODS:
  - Masonry (1.0.2)
  - MJRefresh (3.1.12)
  - UITableView+FDTemplateLayoutCell (1.6)
  - WBListKit (0.4):
    - WBListKit/CollectionView (= 0.4)
    - WBListKit/DataSource (= 0.4)
    - WBListKit/TableView (= 0.4)
  - WBListKit/CollectionView (0.4):
    - UITableView+FDTemplateLayoutCell
  - WBListKit/DataSource (0.4):
    - WBListKit/CollectionView
    - WBListKit/TableView
  - WBListKit/TableView (0.4):
    - UITableView+FDTemplateLayoutCell

DEPENDENCIES:
  - Masonry
  - MJRefresh
  - WBListKit (from `../`)

EXTERNAL SOURCES:
  WBListKit:
    :path: "../"

SPEC CHECKSUMS:
  Masonry: 7c429b56da9d4ee0bbb3ed77a5ea710d6a5df39e
  MJRefresh: b96cdb21c4aa75a7b07654311ab2f315c497e806
  UITableView+FDTemplateLayoutCell: 5c949b4a5059c404b442926c0e80f81d10a2d66f
  WBListKit: e5ef104f93b651d4ff22a2cf5c644dd8cd97c7d9

PODFILE CHECKSUM: f818af41439681cfa958c0f9fd02e9e605b007f5

COCOAPODS: 1.2.1
