// !$*UTF8*$!
{
	archiveVersion = 1;
	classes = {
	};
	objectVersion = 46;
	objects = {

/* Begin PBXBuildFile section */
		1E1A04FB1E96349800F4BDB8 /* WBCustomLayoutViewController.m in Sources */ = {isa = PBXBuildFile; fileRef = 1E1A04FA1E96349800F4BDB8 /* WBCustomLayoutViewController.m */; };
		1E1A04FE1E96360400F4BDB8 /* WBCustomSeparatorView.m in Sources */ = {isa = PBXBuildFile; fileRef = 1E1A04FD1E96360400F4BDB8 /* WBCustomSeparatorView.m */; };
		1E3E89D11E8FBE1A003C8CD2 /* WBCollectionViewController.m in Sources */ = {isa = PBXBuildFile; fileRef = 1E3E89D01E8FBE1A003C8CD2 /* WBCollectionViewController.m */; };
		1E3E89D41E8FBE57003C8CD2 /* WBCollectionViewCell.m in Sources */ = {isa = PBXBuildFile; fileRef = 1E3E89D31E8FBE57003C8CD2 /* WBCollectionViewCell.m */; };
		1E3E89E11E94D000003C8CD2 /* WBCollectionHeaderView.m in Sources */ = {isa = PBXBuildFile; fileRef = 1E3E89E01E94D000003C8CD2 /* WBCollectionHeaderView.m */; };
		1E3E89E61E94D6F1003C8CD2 /* WBNestedViewController.m in Sources */ = {isa = PBXBuildFile; fileRef = 1E3E89E51E94D6F1003C8CD2 /* WBNestedViewController.m */; };
		1E3E89E91E94D702003C8CD2 /* WBNestedTableViewCell.m in Sources */ = {isa = PBXBuildFile; fileRef = 1E3E89E81E94D702003C8CD2 /* WBNestedTableViewCell.m */; };
		1E3E89EC1E94D717003C8CD2 /* WBNestedCollectionViewCell.m in Sources */ = {isa = PBXBuildFile; fileRef = 1E3E89EB1E94D717003C8CD2 /* WBNestedCollectionViewCell.m */; };
		1E4DD02A1E84EC81001C02AD /* WBMVCTableListDataSource.m in Sources */ = {isa = PBXBuildFile; fileRef = 1E4DD0271E84EC81001C02AD /* WBMVCTableListDataSource.m */; };
		1E4DD02B1E84EC81001C02AD /* WBMVCViewController.m in Sources */ = {isa = PBXBuildFile; fileRef = 1E4DD0291E84EC81001C02AD /* WBMVCViewController.m */; };
		1EC603B81E9632DB00B0F53F /* JKSeparatorLayout.m in Sources */ = {isa = PBXBuildFile; fileRef = 1EC603B71E9632DB00B0F53F /* JKSeparatorLayout.m */; };
		1ED1F57C1E80FFD100C0EF58 /* WBDemosCell.m in Sources */ = {isa = PBXBuildFile; fileRef = 1ED1F5771E80FFD100C0EF58 /* WBDemosCell.m */; };
		1ED1F57E1E80FFD100C0EF58 /* WBListKitDemosViewController.m in Sources */ = {isa = PBXBuildFile; fileRef = 1ED1F57B1E80FFD100C0EF58 /* WBListKitDemosViewController.m */; };
		1ED1F5821E8105D400C0EF58 /* WBSimpleListViewController.m in Sources */ = {isa = PBXBuildFile; fileRef = 1ED1F5811E8105D400C0EF58 /* WBSimpleListViewController.m */; };
		1ED1F5851E8105ED00C0EF58 /* WBSimpleListCell.m in Sources */ = {isa = PBXBuildFile; fileRef = 1ED1F5841E8105ED00C0EF58 /* WBSimpleListCell.m */; };
		1ED1F5881E81077400C0EF58 /* WBSimpleListAutoLayoutCell.m in Sources */ = {isa = PBXBuildFile; fileRef = 1ED1F5871E81077400C0EF58 /* WBSimpleListAutoLayoutCell.m */; };
		1ED1F58C1E8124F500C0EF58 /* WBReformerListViewController.m in Sources */ = {isa = PBXBuildFile; fileRef = 1ED1F58B1E8124F500C0EF58 /* WBReformerListViewController.m */; };
		1ED1F58F1E81250A00C0EF58 /* WBReformerListCell.m in Sources */ = {isa = PBXBuildFile; fileRef = 1ED1F58E1E81250A00C0EF58 /* WBReformerListCell.m */; };
		1ED1F5921E81252100C0EF58 /* WBReformerListCellReformer.m in Sources */ = {isa = PBXBuildFile; fileRef = 1ED1F5911E81252100C0EF58 /* WBReformerListCellReformer.m */; };
		1ED1F5961E81584900C0EF58 /* WBListHeaderFooterViewController.m in Sources */ = {isa = PBXBuildFile; fileRef = 1ED1F5951E81584900C0EF58 /* WBListHeaderFooterViewController.m */; };
		1ED1F5991E81591C00C0EF58 /* WBHeaderFooterCell.m in Sources */ = {isa = PBXBuildFile; fileRef = 1ED1F5981E81591C00C0EF58 /* WBHeaderFooterCell.m */; };
		1ED1F59C1E81592F00C0EF58 /* WBDemoHeaderView.m in Sources */ = {isa = PBXBuildFile; fileRef = 1ED1F59B1E81592F00C0EF58 /* WBDemoHeaderView.m */; };
		1ED1F59F1E81594000C0EF58 /* WBDemoFooterView.m in Sources */ = {isa = PBXBuildFile; fileRef = 1ED1F59E1E81594000C0EF58 /* WBDemoFooterView.m */; };
		1ED1F5AE1E824AD900C0EF58 /* WBSwiftListViewController.swift in Sources */ = {isa = PBXBuildFile; fileRef = 1ED1F5AD1E824AD900C0EF58 /* WBSwiftListViewController.swift */; };
		1ED1F5B01E824F9100C0EF58 /* WBSwiftListCell.swift in Sources */ = {isa = PBXBuildFile; fileRef = 1ED1F5AF1E824F9100C0EF58 /* WBSwiftListCell.swift */; };
		1EE2B4C41E9CDC56003A58C6 /* WBWaterFallLayout.swift in Sources */ = {isa = PBXBuildFile; fileRef = 1EE2B4C31E9CDC56003A58C6 /* WBWaterFallLayout.swift */; };
		1EE2B4C71E9CDE0D003A58C6 /* WBWaterFallViewController.m in Sources */ = {isa = PBXBuildFile; fileRef = 1EE2B4C61E9CDE0D003A58C6 /* WBWaterFallViewController.m */; };
		1EE3D77E1E8B8A0B006D4B66 /* WBMultiSourceController.m in Sources */ = {isa = PBXBuildFile; fileRef = 1EE3D77D1E8B8A0B006D4B66 /* WBMultiSourceController.m */; };
		1EE3D7811E8B8A35006D4B66 /* WBLeftTableSource.m in Sources */ = {isa = PBXBuildFile; fileRef = 1EE3D7801E8B8A35006D4B66 /* WBLeftTableSource.m */; };
		1EE3D7841E8B8A4B006D4B66 /* WBRightTableSource.m in Sources */ = {isa = PBXBuildFile; fileRef = 1EE3D7831E8B8A4B006D4B66 /* WBRightTableSource.m */; };
		6003F58E195388D20070C39A /* Foundation.framework in Frameworks */ = {isa = PBXBuildFile; fileRef = 6003F58D195388D20070C39A /* Foundation.framework */; };
		6003F590195388D20070C39A /* CoreGraphics.framework in Frameworks */ = {isa = PBXBuildFile; fileRef = 6003F58F195388D20070C39A /* CoreGraphics.framework */; };
		6003F592195388D20070C39A /* UIKit.framework in Frameworks */ = {isa = PBXBuildFile; fileRef = 6003F591195388D20070C39A /* UIKit.framework */; };
		6003F598195388D20070C39A /* InfoPlist.strings in Resources */ = {isa = PBXBuildFile; fileRef = 6003F596195388D20070C39A /* InfoPlist.strings */; };
		6003F59A195388D20070C39A /* main.m in Sources */ = {isa = PBXBuildFile; fileRef = 6003F599195388D20070C39A /* main.m */; };
		6003F59E195388D20070C39A /* WBAppDelegate.m in Sources */ = {isa = PBXBuildFile; fileRef = 6003F59D195388D20070C39A /* WBAppDelegate.m */; };
		6003F5A9195388D20070C39A /* Images.xcassets in Resources */ = {isa = PBXBuildFile; fileRef = 6003F5A8195388D20070C39A /* Images.xcassets */; };
		6003F5B0195388D20070C39A /* XCTest.framework in Frameworks */ = {isa = PBXBuildFile; fileRef = 6003F5AF195388D20070C39A /* XCTest.framework */; };
		6003F5B1195388D20070C39A /* Foundation.framework in Frameworks */ = {isa = PBXBuildFile; fileRef = 6003F58D195388D20070C39A /* Foundation.framework */; };
		6003F5B2195388D20070C39A /* UIKit.framework in Frameworks */ = {isa = PBXBuildFile; fileRef = 6003F591195388D20070C39A /* UIKit.framework */; };
		6003F5BA195388D20070C39A /* InfoPlist.strings in Resources */ = {isa = PBXBuildFile; fileRef = 6003F5B8195388D20070C39A /* InfoPlist.strings */; };
		6003F5BC195388D20070C39A /* Tests.m in Sources */ = {isa = PBXBuildFile; fileRef = 6003F5BB195388D20070C39A /* Tests.m */; };
		71719F9F1E33DC2100824A3D /* LaunchScreen.storyboard in Resources */ = {isa = PBXBuildFile; fileRef = 71719F9D1E33DC2100824A3D /* LaunchScreen.storyboard */; };
		79988F3C763713347B0ED0E6 /* Pods_WBListKit_Example.framework in Frameworks */ = {isa = PBXBuildFile; fileRef = 612CC99D1429A9BECB5F184D /* Pods_WBListKit_Example.framework */; };
		8F38D291A6A35A29B1447509 /* Pods_WBListKit_Tests.framework in Frameworks */ = {isa = PBXBuildFile; fileRef = 3D8CBE0B799444E8D0182178 /* Pods_WBListKit_Tests.framework */; };
		C2099A911EC2BB7E0081234A /* WBListEmptyKitDataSource.swift in Sources */ = {isa = PBXBuildFile; fileRef = C2099A901EC2BB7E0081234A /* WBListEmptyKitDataSource.swift */; };
		C2099A931EC2BBDE0081234A /* WBListEmptyKitDelegate.swift in Sources */ = {isa = PBXBuildFile; fileRef = C2099A921EC2BBDE0081234A /* WBListEmptyKitDelegate.swift */; };
		C20ACE191EE69BE50054E843 /* WBMVCRefreshHeader.m in Sources */ = {isa = PBXBuildFile; fileRef = C20ACE181EE69BE50054E843 /* WBMVCRefreshHeader.m */; };
		C2411FD31ED5545500D87C48 /* WBExpandingCellViewController.m in Sources */ = {isa = PBXBuildFile; fileRef = C2411FD21ED5545500D87C48 /* WBExpandingCellViewController.m */; };
		C2411FD61ED5547400D87C48 /* WBExpandingCell.m in Sources */ = {isa = PBXBuildFile; fileRef = C2411FD51ED5547400D87C48 /* WBExpandingCell.m */; };
		C2411FD91ED5549900D87C48 /* WBExpandingCellReformer.m in Sources */ = {isa = PBXBuildFile; fileRef = C2411FD81ED5549900D87C48 /* WBExpandingCellReformer.m */; };
		C267174A1EEA47E2006B85B7 /* WBListNibCell.m in Sources */ = {isa = PBXBuildFile; fileRef = C26717481EEA47E2006B85B7 /* WBListNibCell.m */; };
		C267174B1EEA47E2006B85B7 /* WBListNibCell.xib in Resources */ = {isa = PBXBuildFile; fileRef = C26717491EEA47E2006B85B7 /* WBListNibCell.xib */; };
		C267174E1EEA4825006B85B7 /* WBListNibViewController.m in Sources */ = {isa = PBXBuildFile; fileRef = C267174D1EEA4825006B85B7 /* WBListNibViewController.m */; };
		C28E6E031EC5B4F100846A66 /* WBSwiftEmptyViewController.swift in Sources */ = {isa = PBXBuildFile; fileRef = C28E6E021EC5B4F100846A66 /* WBSwiftEmptyViewController.swift */; };
		C28E6E061EC5B50800846A66 /* WBOCEmptyViewController.m in Sources */ = {isa = PBXBuildFile; fileRef = C28E6E051EC5B50800846A66 /* WBOCEmptyViewController.m */; };
		C2CC21B91EC308C6007E6600 /* WBListEmptyKitNameSpace.swift in Sources */ = {isa = PBXBuildFile; fileRef = C2CC21B81EC308C6007E6600 /* WBListEmptyKitNameSpace.swift */; };
		C2CC21BB1EC313D4007E6600 /* WBListEmptyKit.swift in Sources */ = {isa = PBXBuildFile; fileRef = C2CC21BA1EC313D4007E6600 /* WBListEmptyKit.swift */; };
		C2CC21BD1EC31AA7007E6600 /* WBListEmptyKitEmptyView.swift in Sources */ = {isa = PBXBuildFile; fileRef = C2CC21BC1EC31AA7007E6600 /* WBListEmptyKitEmptyView.swift */; };
		C2FEAB381EE69EF3005BC9F3 /* WBMVCRefreshFooter.m in Sources */ = {isa = PBXBuildFile; fileRef = C2FEAB371EE69EF3005BC9F3 /* WBMVCRefreshFooter.m */; };
/* End PBXBuildFile section */

/* Begin PBXContainerItemProxy section */
		6003F5B3195388D20070C39A /* PBXContainerItemProxy */ = {
			isa = PBXContainerItemProxy;
			containerPortal = 6003F582195388D10070C39A /* Project object */;
			proxyType = 1;
			remoteGlobalIDString = 6003F589195388D20070C39A;
			remoteInfo = WBListKit;
		};
/* End PBXContainerItemProxy section */

/* Begin PBXFileReference section */
		01C39DECA6237ACF30C4D96B /* Pods-WBListKit_Tests.debug.xcconfig */ = {isa = PBXFileReference; includeInIndex = 1; lastKnownFileType = text.xcconfig; name = "Pods-WBListKit_Tests.debug.xcconfig"; path = "Pods/Target Support Files/Pods-WBListKit_Tests/Pods-WBListKit_Tests.debug.xcconfig"; sourceTree = "<group>"; };
		1363FF33A83E7E741116A44C /* README.md */ = {isa = PBXFileReference; includeInIndex = 1; lastKnownFileType = net.daringfireball.markdown; name = README.md; path = ../README.md; sourceTree = "<group>"; };
		1E1A04F91E96349800F4BDB8 /* WBCustomLayoutViewController.h */ = {isa = PBXFileReference; fileEncoding = 4; lastKnownFileType = sourcecode.c.h; path = WBCustomLayoutViewController.h; sourceTree = "<group>"; };
		1E1A04FA1E96349800F4BDB8 /* WBCustomLayoutViewController.m */ = {isa = PBXFileReference; fileEncoding = 4; lastKnownFileType = sourcecode.c.objc; path = WBCustomLayoutViewController.m; sourceTree = "<group>"; };
		1E1A04FC1E96360400F4BDB8 /* WBCustomSeparatorView.h */ = {isa = PBXFileReference; fileEncoding = 4; lastKnownFileType = sourcecode.c.h; path = WBCustomSeparatorView.h; sourceTree = "<group>"; };
		1E1A04FD1E96360400F4BDB8 /* WBCustomSeparatorView.m */ = {isa = PBXFileReference; fileEncoding = 4; lastKnownFileType = sourcecode.c.objc; path = WBCustomSeparatorView.m; sourceTree = "<group>"; };
		1E3E89CF1E8FBE1A003C8CD2 /* WBCollectionViewController.h */ = {isa = PBXFileReference; fileEncoding = 4; lastKnownFileType = sourcecode.c.h; path = WBCollectionViewController.h; sourceTree = "<group>"; };
		1E3E89D01E8FBE1A003C8CD2 /* WBCollectionViewController.m */ = {isa = PBXFileReference; fileEncoding = 4; lastKnownFileType = sourcecode.c.objc; path = WBCollectionViewController.m; sourceTree = "<group>"; };
		1E3E89D21E8FBE57003C8CD2 /* WBCollectionViewCell.h */ = {isa = PBXFileReference; fileEncoding = 4; lastKnownFileType = sourcecode.c.h; path = WBCollectionViewCell.h; sourceTree = "<group>"; };
		1E3E89D31E8FBE57003C8CD2 /* WBCollectionViewCell.m */ = {isa = PBXFileReference; fileEncoding = 4; lastKnownFileType = sourcecode.c.objc; path = WBCollectionViewCell.m; sourceTree = "<group>"; };
		1E3E89DF1E94D000003C8CD2 /* WBCollectionHeaderView.h */ = {isa = PBXFileReference; fileEncoding = 4; lastKnownFileType = sourcecode.c.h; path = WBCollectionHeaderView.h; sourceTree = "<group>"; };
		1E3E89E01E94D000003C8CD2 /* WBCollectionHeaderView.m */ = {isa = PBXFileReference; fileEncoding = 4; lastKnownFileType = sourcecode.c.objc; path = WBCollectionHeaderView.m; sourceTree = "<group>"; };
		1E3E89E41E94D6F1003C8CD2 /* WBNestedViewController.h */ = {isa = PBXFileReference; fileEncoding = 4; lastKnownFileType = sourcecode.c.h; path = WBNestedViewController.h; sourceTree = "<group>"; };
		1E3E89E51E94D6F1003C8CD2 /* WBNestedViewController.m */ = {isa = PBXFileReference; fileEncoding = 4; lastKnownFileType = sourcecode.c.objc; path = WBNestedViewController.m; sourceTree = "<group>"; };
		1E3E89E71E94D702003C8CD2 /* WBNestedTableViewCell.h */ = {isa = PBXFileReference; fileEncoding = 4; lastKnownFileType = sourcecode.c.h; path = WBNestedTableViewCell.h; sourceTree = "<group>"; };
		1E3E89E81E94D702003C8CD2 /* WBNestedTableViewCell.m */ = {isa = PBXFileReference; fileEncoding = 4; lastKnownFileType = sourcecode.c.objc; path = WBNestedTableViewCell.m; sourceTree = "<group>"; };
		1E3E89EA1E94D717003C8CD2 /* WBNestedCollectionViewCell.h */ = {isa = PBXFileReference; fileEncoding = 4; lastKnownFileType = sourcecode.c.h; path = WBNestedCollectionViewCell.h; sourceTree = "<group>"; };
		1E3E89EB1E94D717003C8CD2 /* WBNestedCollectionViewCell.m */ = {isa = PBXFileReference; fileEncoding = 4; lastKnownFileType = sourcecode.c.objc; path = WBNestedCollectionViewCell.m; sourceTree = "<group>"; };
		1E4DD0261E84EC81001C02AD /* WBMVCTableListDataSource.h */ = {isa = PBXFileReference; fileEncoding = 4; lastKnownFileType = sourcecode.c.h; path = WBMVCTableListDataSource.h; sourceTree = "<group>"; };
		1E4DD0271E84EC81001C02AD /* WBMVCTableListDataSource.m */ = {isa = PBXFileReference; fileEncoding = 4; lastKnownFileType = sourcecode.c.objc; path = WBMVCTableListDataSource.m; sourceTree = "<group>"; };
		1E4DD0281E84EC81001C02AD /* WBMVCViewController.h */ = {isa = PBXFileReference; fileEncoding = 4; lastKnownFileType = sourcecode.c.h; path = WBMVCViewController.h; sourceTree = "<group>"; };
		1E4DD0291E84EC81001C02AD /* WBMVCViewController.m */ = {isa = PBXFileReference; fileEncoding = 4; lastKnownFileType = sourcecode.c.objc; path = WBMVCViewController.m; sourceTree = "<group>"; };
		1EC603B61E9632DB00B0F53F /* JKSeparatorLayout.h */ = {isa = PBXFileReference; fileEncoding = 4; lastKnownFileType = sourcecode.c.h; path = JKSeparatorLayout.h; sourceTree = "<group>"; };
		1EC603B71E9632DB00B0F53F /* JKSeparatorLayout.m */ = {isa = PBXFileReference; fileEncoding = 4; lastKnownFileType = sourcecode.c.objc; path = JKSeparatorLayout.m; sourceTree = "<group>"; };
		1ED1F5761E80FFD100C0EF58 /* WBDemosCell.h */ = {isa = PBXFileReference; fileEncoding = 4; lastKnownFileType = sourcecode.c.h; path = WBDemosCell.h; sourceTree = "<group>"; };
		1ED1F5771E80FFD100C0EF58 /* WBDemosCell.m */ = {isa = PBXFileReference; fileEncoding = 4; lastKnownFileType = sourcecode.c.objc; path = WBDemosCell.m; sourceTree = "<group>"; };
		1ED1F57A1E80FFD100C0EF58 /* WBListKitDemosViewController.h */ = {isa = PBXFileReference; fileEncoding = 4; lastKnownFileType = sourcecode.c.h; path = WBListKitDemosViewController.h; sourceTree = "<group>"; };
		1ED1F57B1E80FFD100C0EF58 /* WBListKitDemosViewController.m */ = {isa = PBXFileReference; fileEncoding = 4; lastKnownFileType = sourcecode.c.objc; path = WBListKitDemosViewController.m; sourceTree = "<group>"; };
		1ED1F5801E8105D400C0EF58 /* WBSimpleListViewController.h */ = {isa = PBXFileReference; fileEncoding = 4; lastKnownFileType = sourcecode.c.h; path = WBSimpleListViewController.h; sourceTree = "<group>"; };
		1ED1F5811E8105D400C0EF58 /* WBSimpleListViewController.m */ = {isa = PBXFileReference; fileEncoding = 4; lastKnownFileType = sourcecode.c.objc; path = WBSimpleListViewController.m; sourceTree = "<group>"; };
		1ED1F5831E8105ED00C0EF58 /* WBSimpleListCell.h */ = {isa = PBXFileReference; fileEncoding = 4; lastKnownFileType = sourcecode.c.h; path = WBSimpleListCell.h; sourceTree = "<group>"; };
		1ED1F5841E8105ED00C0EF58 /* WBSimpleListCell.m */ = {isa = PBXFileReference; fileEncoding = 4; lastKnownFileType = sourcecode.c.objc; path = WBSimpleListCell.m; sourceTree = "<group>"; };
		1ED1F5861E81077400C0EF58 /* WBSimpleListAutoLayoutCell.h */ = {isa = PBXFileReference; fileEncoding = 4; lastKnownFileType = sourcecode.c.h; path = WBSimpleListAutoLayoutCell.h; sourceTree = "<group>"; };
		1ED1F5871E81077400C0EF58 /* WBSimpleListAutoLayoutCell.m */ = {isa = PBXFileReference; fileEncoding = 4; lastKnownFileType = sourcecode.c.objc; path = WBSimpleListAutoLayoutCell.m; sourceTree = "<group>"; };
		1ED1F58A1E8124F500C0EF58 /* WBReformerListViewController.h */ = {isa = PBXFileReference; fileEncoding = 4; lastKnownFileType = sourcecode.c.h; path = WBReformerListViewController.h; sourceTree = "<group>"; };
		1ED1F58B1E8124F500C0EF58 /* WBReformerListViewController.m */ = {isa = PBXFileReference; fileEncoding = 4; lastKnownFileType = sourcecode.c.objc; path = WBReformerListViewController.m; sourceTree = "<group>"; };
		1ED1F58D1E81250A00C0EF58 /* WBReformerListCell.h */ = {isa = PBXFileReference; fileEncoding = 4; lastKnownFileType = sourcecode.c.h; path = WBReformerListCell.h; sourceTree = "<group>"; };
		1ED1F58E1E81250A00C0EF58 /* WBReformerListCell.m */ = {isa = PBXFileReference; fileEncoding = 4; lastKnownFileType = sourcecode.c.objc; path = WBReformerListCell.m; sourceTree = "<group>"; };
		1ED1F5901E81252100C0EF58 /* WBReformerListCellReformer.h */ = {isa = PBXFileReference; fileEncoding = 4; lastKnownFileType = sourcecode.c.h; path = WBReformerListCellReformer.h; sourceTree = "<group>"; };
		1ED1F5911E81252100C0EF58 /* WBReformerListCellReformer.m */ = {isa = PBXFileReference; fileEncoding = 4; lastKnownFileType = sourcecode.c.objc; path = WBReformerListCellReformer.m; sourceTree = "<group>"; };
		1ED1F5941E81584900C0EF58 /* WBListHeaderFooterViewController.h */ = {isa = PBXFileReference; fileEncoding = 4; lastKnownFileType = sourcecode.c.h; path = WBListHeaderFooterViewController.h; sourceTree = "<group>"; };
		1ED1F5951E81584900C0EF58 /* WBListHeaderFooterViewController.m */ = {isa = PBXFileReference; fileEncoding = 4; lastKnownFileType = sourcecode.c.objc; path = WBListHeaderFooterViewController.m; sourceTree = "<group>"; };
		1ED1F5971E81591C00C0EF58 /* WBHeaderFooterCell.h */ = {isa = PBXFileReference; fileEncoding = 4; lastKnownFileType = sourcecode.c.h; path = WBHeaderFooterCell.h; sourceTree = "<group>"; };
		1ED1F5981E81591C00C0EF58 /* WBHeaderFooterCell.m */ = {isa = PBXFileReference; fileEncoding = 4; lastKnownFileType = sourcecode.c.objc; path = WBHeaderFooterCell.m; sourceTree = "<group>"; };
		1ED1F59A1E81592F00C0EF58 /* WBDemoHeaderView.h */ = {isa = PBXFileReference; fileEncoding = 4; lastKnownFileType = sourcecode.c.h; path = WBDemoHeaderView.h; sourceTree = "<group>"; };
		1ED1F59B1E81592F00C0EF58 /* WBDemoHeaderView.m */ = {isa = PBXFileReference; fileEncoding = 4; lastKnownFileType = sourcecode.c.objc; path = WBDemoHeaderView.m; sourceTree = "<group>"; };
		1ED1F59D1E81594000C0EF58 /* WBDemoFooterView.h */ = {isa = PBXFileReference; fileEncoding = 4; lastKnownFileType = sourcecode.c.h; path = WBDemoFooterView.h; sourceTree = "<group>"; };
		1ED1F59E1E81594000C0EF58 /* WBDemoFooterView.m */ = {isa = PBXFileReference; fileEncoding = 4; lastKnownFileType = sourcecode.c.objc; path = WBDemoFooterView.m; sourceTree = "<group>"; };
		1ED1F5AC1E824AD900C0EF58 /* WBListKit_Example-Bridging-Header.h */ = {isa = PBXFileReference; lastKnownFileType = sourcecode.c.h; path = "WBListKit_Example-Bridging-Header.h"; sourceTree = "<group>"; };
		1ED1F5AD1E824AD900C0EF58 /* WBSwiftListViewController.swift */ = {isa = PBXFileReference; fileEncoding = 4; lastKnownFileType = sourcecode.swift; path = WBSwiftListViewController.swift; sourceTree = "<group>"; };
		1ED1F5AF1E824F9100C0EF58 /* WBSwiftListCell.swift */ = {isa = PBXFileReference; fileEncoding = 4; lastKnownFileType = sourcecode.swift; path = WBSwiftListCell.swift; sourceTree = "<group>"; };
		1EE2B4C31E9CDC56003A58C6 /* WBWaterFallLayout.swift */ = {isa = PBXFileReference; fileEncoding = 4; lastKnownFileType = sourcecode.swift; path = WBWaterFallLayout.swift; sourceTree = "<group>"; };
		1EE2B4C51E9CDE0D003A58C6 /* WBWaterFallViewController.h */ = {isa = PBXFileReference; fileEncoding = 4; lastKnownFileType = sourcecode.c.h; path = WBWaterFallViewController.h; sourceTree = "<group>"; };
		1EE2B4C61E9CDE0D003A58C6 /* WBWaterFallViewController.m */ = {isa = PBXFileReference; fileEncoding = 4; lastKnownFileType = sourcecode.c.objc; path = WBWaterFallViewController.m; sourceTree = "<group>"; };
		1EE3D77C1E8B8A0B006D4B66 /* WBMultiSourceController.h */ = {isa = PBXFileReference; fileEncoding = 4; lastKnownFileType = sourcecode.c.h; path = WBMultiSourceController.h; sourceTree = "<group>"; };
		1EE3D77D1E8B8A0B006D4B66 /* WBMultiSourceController.m */ = {isa = PBXFileReference; fileEncoding = 4; lastKnownFileType = sourcecode.c.objc; path = WBMultiSourceController.m; sourceTree = "<group>"; };
		1EE3D77F1E8B8A35006D4B66 /* WBLeftTableSource.h */ = {isa = PBXFileReference; fileEncoding = 4; lastKnownFileType = sourcecode.c.h; path = WBLeftTableSource.h; sourceTree = "<group>"; };
		1EE3D7801E8B8A35006D4B66 /* WBLeftTableSource.m */ = {isa = PBXFileReference; fileEncoding = 4; lastKnownFileType = sourcecode.c.objc; path = WBLeftTableSource.m; sourceTree = "<group>"; };
		1EE3D7821E8B8A4B006D4B66 /* WBRightTableSource.h */ = {isa = PBXFileReference; fileEncoding = 4; lastKnownFileType = sourcecode.c.h; path = WBRightTableSource.h; sourceTree = "<group>"; };
		1EE3D7831E8B8A4B006D4B66 /* WBRightTableSource.m */ = {isa = PBXFileReference; fileEncoding = 4; lastKnownFileType = sourcecode.c.objc; path = WBRightTableSource.m; sourceTree = "<group>"; };
		3D8CBE0B799444E8D0182178 /* Pods_WBListKit_Tests.framework */ = {isa = PBXFileReference; explicitFileType = wrapper.framework; includeInIndex = 0; path = Pods_WBListKit_Tests.framework; sourceTree = BUILT_PRODUCTS_DIR; };
		5617393B1F68044640BCA2BA /* LICENSE */ = {isa = PBXFileReference; includeInIndex = 1; lastKnownFileType = text; name = LICENSE; path = ../LICENSE; sourceTree = "<group>"; };
		6003F58A195388D20070C39A /* WBListKit_Example.app */ = {isa = PBXFileReference; explicitFileType = wrapper.application; includeInIndex = 0; path = WBListKit_Example.app; sourceTree = BUILT_PRODUCTS_DIR; };
		6003F58D195388D20070C39A /* Foundation.framework */ = {isa = PBXFileReference; lastKnownFileType = wrapper.framework; name = Foundation.framework; path = System/Library/Frameworks/Foundation.framework; sourceTree = SDKROOT; };
		6003F58F195388D20070C39A /* CoreGraphics.framework */ = {isa = PBXFileReference; lastKnownFileType = wrapper.framework; name = CoreGraphics.framework; path = System/Library/Frameworks/CoreGraphics.framework; sourceTree = SDKROOT; };
		6003F591195388D20070C39A /* UIKit.framework */ = {isa = PBXFileReference; lastKnownFileType = wrapper.framework; name = UIKit.framework; path = System/Library/Frameworks/UIKit.framework; sourceTree = SDKROOT; };
		6003F595195388D20070C39A /* WBListKit-Info.plist */ = {isa = PBXFileReference; lastKnownFileType = text.plist.xml; path = "WBListKit-Info.plist"; sourceTree = "<group>"; };
		6003F597195388D20070C39A /* en */ = {isa = PBXFileReference; lastKnownFileType = text.plist.strings; name = en; path = en.lproj/InfoPlist.strings; sourceTree = "<group>"; };
		6003F599195388D20070C39A /* main.m */ = {isa = PBXFileReference; lastKnownFileType = sourcecode.c.objc; path = main.m; sourceTree = "<group>"; };
		6003F59B195388D20070C39A /* WBListKit-Prefix.pch */ = {isa = PBXFileReference; lastKnownFileType = sourcecode.c.h; path = "WBListKit-Prefix.pch"; sourceTree = "<group>"; };
		6003F59C195388D20070C39A /* WBAppDelegate.h */ = {isa = PBXFileReference; lastKnownFileType = sourcecode.c.h; path = WBAppDelegate.h; sourceTree = "<group>"; };
		6003F59D195388D20070C39A /* WBAppDelegate.m */ = {isa = PBXFileReference; lastKnownFileType = sourcecode.c.objc; path = WBAppDelegate.m; sourceTree = "<group>"; };
		6003F5A8195388D20070C39A /* Images.xcassets */ = {isa = PBXFileReference; lastKnownFileType = folder.assetcatalog; path = Images.xcassets; sourceTree = "<group>"; };
		6003F5AE195388D20070C39A /* WBListKit_Tests.xctest */ = {isa = PBXFileReference; explicitFileType = wrapper.cfbundle; includeInIndex = 0; path = WBListKit_Tests.xctest; sourceTree = BUILT_PRODUCTS_DIR; };
		6003F5AF195388D20070C39A /* XCTest.framework */ = {isa = PBXFileReference; lastKnownFileType = wrapper.framework; name = XCTest.framework; path = Library/Frameworks/XCTest.framework; sourceTree = DEVELOPER_DIR; };
		6003F5B7195388D20070C39A /* Tests-Info.plist */ = {isa = PBXFileReference; lastKnownFileType = text.plist.xml; path = "Tests-Info.plist"; sourceTree = "<group>"; };
		6003F5B9195388D20070C39A /* en */ = {isa = PBXFileReference; lastKnownFileType = text.plist.strings; name = en; path = en.lproj/InfoPlist.strings; sourceTree = "<group>"; };
		6003F5BB195388D20070C39A /* Tests.m */ = {isa = PBXFileReference; lastKnownFileType = sourcecode.c.objc; path = Tests.m; sourceTree = "<group>"; };
		606FC2411953D9B200FFA9A0 /* Tests-Prefix.pch */ = {isa = PBXFileReference; lastKnownFileType = sourcecode.c.h; path = "Tests-Prefix.pch"; sourceTree = "<group>"; };
		612CC99D1429A9BECB5F184D /* Pods_WBListKit_Example.framework */ = {isa = PBXFileReference; explicitFileType = wrapper.framework; includeInIndex = 0; path = Pods_WBListKit_Example.framework; sourceTree = BUILT_PRODUCTS_DIR; };
		70EAA3DCE0066AD1E81DF29D /* Pods-WBListKit_Tests.release.xcconfig */ = {isa = PBXFileReference; includeInIndex = 1; lastKnownFileType = text.xcconfig; name = "Pods-WBListKit_Tests.release.xcconfig"; path = "Pods/Target Support Files/Pods-WBListKit_Tests/Pods-WBListKit_Tests.release.xcconfig"; sourceTree = "<group>"; };
		71719F9E1E33DC2100824A3D /* Base */ = {isa = PBXFileReference; lastKnownFileType = file.storyboard; name = Base; path = Base.lproj/LaunchScreen.storyboard; sourceTree = "<group>"; };
		C2099A901EC2BB7E0081234A /* WBListEmptyKitDataSource.swift */ = {isa = PBXFileReference; fileEncoding = 4; lastKnownFileType = sourcecode.swift; path = WBListEmptyKitDataSource.swift; sourceTree = "<group>"; };
		C2099A921EC2BBDE0081234A /* WBListEmptyKitDelegate.swift */ = {isa = PBXFileReference; fileEncoding = 4; lastKnownFileType = sourcecode.swift; path = WBListEmptyKitDelegate.swift; sourceTree = "<group>"; };
		C20ACE171EE69BE50054E843 /* WBMVCRefreshHeader.h */ = {isa = PBXFileReference; fileEncoding = 4; lastKnownFileType = sourcecode.c.h; path = WBMVCRefreshHeader.h; sourceTree = "<group>"; };
		C20ACE181EE69BE50054E843 /* WBMVCRefreshHeader.m */ = {isa = PBXFileReference; fileEncoding = 4; lastKnownFileType = sourcecode.c.objc; path = WBMVCRefreshHeader.m; sourceTree = "<group>"; };
		C2411FD11ED5545500D87C48 /* WBExpandingCellViewController.h */ = {isa = PBXFileReference; fileEncoding = 4; lastKnownFileType = sourcecode.c.h; path = WBExpandingCellViewController.h; sourceTree = "<group>"; };
		C2411FD21ED5545500D87C48 /* WBExpandingCellViewController.m */ = {isa = PBXFileReference; fileEncoding = 4; lastKnownFileType = sourcecode.c.objc; path = WBExpandingCellViewController.m; sourceTree = "<group>"; };
		C2411FD41ED5547400D87C48 /* WBExpandingCell.h */ = {isa = PBXFileReference; fileEncoding = 4; lastKnownFileType = sourcecode.c.h; path = WBExpandingCell.h; sourceTree = "<group>"; };
		C2411FD51ED5547400D87C48 /* WBExpandingCell.m */ = {isa = PBXFileReference; fileEncoding = 4; lastKnownFileType = sourcecode.c.objc; path = WBExpandingCell.m; sourceTree = "<group>"; };
		C2411FD71ED5549900D87C48 /* WBExpandingCellReformer.h */ = {isa = PBXFileReference; fileEncoding = 4; lastKnownFileType = sourcecode.c.h; path = WBExpandingCellReformer.h; sourceTree = "<group>"; };
		C2411FD81ED5549900D87C48 /* WBExpandingCellReformer.m */ = {isa = PBXFileReference; fileEncoding = 4; lastKnownFileType = sourcecode.c.objc; path = WBExpandingCellReformer.m; sourceTree = "<group>"; };
		C26717471EEA47E2006B85B7 /* WBListNibCell.h */ = {isa = PBXFileReference; fileEncoding = 4; lastKnownFileType = sourcecode.c.h; path = WBListNibCell.h; sourceTree = "<group>"; };
		C26717481EEA47E2006B85B7 /* WBListNibCell.m */ = {isa = PBXFileReference; fileEncoding = 4; lastKnownFileType = sourcecode.c.objc; path = WBListNibCell.m; sourceTree = "<group>"; };
		C26717491EEA47E2006B85B7 /* WBListNibCell.xib */ = {isa = PBXFileReference; fileEncoding = 4; lastKnownFileType = file.xib; path = WBListNibCell.xib; sourceTree = "<group>"; };
		C267174C1EEA4825006B85B7 /* WBListNibViewController.h */ = {isa = PBXFileReference; fileEncoding = 4; lastKnownFileType = sourcecode.c.h; path = WBListNibViewController.h; sourceTree = "<group>"; };
		C267174D1EEA4825006B85B7 /* WBListNibViewController.m */ = {isa = PBXFileReference; fileEncoding = 4; lastKnownFileType = sourcecode.c.objc; path = WBListNibViewController.m; sourceTree = "<group>"; };
		C28E6E021EC5B4F100846A66 /* WBSwiftEmptyViewController.swift */ = {isa = PBXFileReference; fileEncoding = 4; lastKnownFileType = sourcecode.swift; path = WBSwiftEmptyViewController.swift; sourceTree = "<group>"; };
		C28E6E041EC5B50800846A66 /* WBOCEmptyViewController.h */ = {isa = PBXFileReference; fileEncoding = 4; lastKnownFileType = sourcecode.c.h; path = WBOCEmptyViewController.h; sourceTree = "<group>"; };
		C28E6E051EC5B50800846A66 /* WBOCEmptyViewController.m */ = {isa = PBXFileReference; fileEncoding = 4; lastKnownFileType = sourcecode.c.objc; path = WBOCEmptyViewController.m; sourceTree = "<group>"; };
		C2CC21B81EC308C6007E6600 /* WBListEmptyKitNameSpace.swift */ = {isa = PBXFileReference; fileEncoding = 4; lastKnownFileType = sourcecode.swift; path = WBListEmptyKitNameSpace.swift; sourceTree = "<group>"; };
		C2CC21BA1EC313D4007E6600 /* WBListEmptyKit.swift */ = {isa = PBXFileReference; fileEncoding = 4; lastKnownFileType = sourcecode.swift; path = WBListEmptyKit.swift; sourceTree = "<group>"; };
		C2CC21BC1EC31AA7007E6600 /* WBListEmptyKitEmptyView.swift */ = {isa = PBXFileReference; fileEncoding = 4; lastKnownFileType = sourcecode.swift; path = WBListEmptyKitEmptyView.swift; sourceTree = "<group>"; };
		C2FEAB361EE69EF3005BC9F3 /* WBMVCRefreshFooter.h */ = {isa = PBXFileReference; fileEncoding = 4; lastKnownFileType = sourcecode.c.h; path = WBMVCRefreshFooter.h; sourceTree = "<group>"; };
		C2FEAB371EE69EF3005BC9F3 /* WBMVCRefreshFooter.m */ = {isa = PBXFileReference; fileEncoding = 4; lastKnownFileType = sourcecode.c.objc; path = WBMVCRefreshFooter.m; sourceTree = "<group>"; };
		E0E7AE40CECE50A361CB12DC /* Pods-WBListKit_Example.release.xcconfig */ = {isa = PBXFileReference; includeInIndex = 1; lastKnownFileType = text.xcconfig; name = "Pods-WBListKit_Example.release.xcconfig"; path = "Pods/Target Support Files/Pods-WBListKit_Example/Pods-WBListKit_Example.release.xcconfig"; sourceTree = "<group>"; };
		EA526BE8203C1AE100B80AAA /* WBListKit.podspec */ = {isa = PBXFileReference; includeInIndex = 1; lastKnownFileType = text; name = WBListKit.podspec; path = ../WBListKit.podspec; sourceTree = "<group>"; };
		F178E417C75900A9BFEDDA43 /* Pods-WBListKit_Example.debug.xcconfig */ = {isa = PBXFileReference; includeInIndex = 1; lastKnownFileType = text.xcconfig; name = "Pods-WBListKit_Example.debug.xcconfig"; path = "Pods/Target Support Files/Pods-WBListKit_Example/Pods-WBListKit_Example.debug.xcconfig"; sourceTree = "<group>"; };
/* End PBXFileReference section */

/* Begin PBXFrameworksBuildPhase section */
		6003F587195388D20070C39A /* Frameworks */ = {
			isa = PBXFrameworksBuildPhase;
			buildActionMask = 2147483647;
			files = (
				6003F590195388D20070C39A /* CoreGraphics.framework in Frameworks */,
				6003F592195388D20070C39A /* UIKit.framework in Frameworks */,
				6003F58E195388D20070C39A /* Foundation.framework in Frameworks */,
				79988F3C763713347B0ED0E6 /* Pods_WBListKit_Example.framework in Frameworks */,
			);
			runOnlyForDeploymentPostprocessing = 0;
		};
		6003F5AB195388D20070C39A /* Frameworks */ = {
			isa = PBXFrameworksBuildPhase;
			buildActionMask = 2147483647;
			files = (
				6003F5B0195388D20070C39A /* XCTest.framework in Frameworks */,
				6003F5B2195388D20070C39A /* UIKit.framework in Frameworks */,
				6003F5B1195388D20070C39A /* Foundation.framework in Frameworks */,
				8F38D291A6A35A29B1447509 /* Pods_WBListKit_Tests.framework in Frameworks */,
			);
			runOnlyForDeploymentPostprocessing = 0;
		};
/* End PBXFrameworksBuildPhase section */

/* Begin PBXGroup section */
		1E3E89CE1E8FBE07003C8CD2 /* CollectionView */ = {
			isa = PBXGroup;
			children = (
				1E3E89CF1E8FBE1A003C8CD2 /* WBCollectionViewController.h */,
				1E3E89D01E8FBE1A003C8CD2 /* WBCollectionViewController.m */,
				1E3E89D21E8FBE57003C8CD2 /* WBCollectionViewCell.h */,
				1E3E89D31E8FBE57003C8CD2 /* WBCollectionViewCell.m */,
				1E3E89DF1E94D000003C8CD2 /* WBCollectionHeaderView.h */,
				1E3E89E01E94D000003C8CD2 /* WBCollectionHeaderView.m */,
			);
			path = CollectionView;
			sourceTree = "<group>";
		};
		1E3E89E31E94D6D6003C8CD2 /* Nested */ = {
			isa = PBXGroup;
			children = (
				1E3E89E41E94D6F1003C8CD2 /* WBNestedViewController.h */,
				1E3E89E51E94D6F1003C8CD2 /* WBNestedViewController.m */,
				1E3E89E71E94D702003C8CD2 /* WBNestedTableViewCell.h */,
				1E3E89E81E94D702003C8CD2 /* WBNestedTableViewCell.m */,
				1E3E89EA1E94D717003C8CD2 /* WBNestedCollectionViewCell.h */,
				1E3E89EB1E94D717003C8CD2 /* WBNestedCollectionViewCell.m */,
			);
			path = Nested;
			sourceTree = "<group>";
		};
		1E4DD0251E84EC64001C02AD /* MVC */ = {
			isa = PBXGroup;
			children = (
				1E4DD0261E84EC81001C02AD /* WBMVCTableListDataSource.h */,
				1E4DD0271E84EC81001C02AD /* WBMVCTableListDataSource.m */,
				1E4DD0281E84EC81001C02AD /* WBMVCViewController.h */,
				1E4DD0291E84EC81001C02AD /* WBMVCViewController.m */,
				C20ACE171EE69BE50054E843 /* WBMVCRefreshHeader.h */,
				C20ACE181EE69BE50054E843 /* WBMVCRefreshHeader.m */,
				C2FEAB361EE69EF3005BC9F3 /* WBMVCRefreshFooter.h */,
				C2FEAB371EE69EF3005BC9F3 /* WBMVCRefreshFooter.m */,
			);
			path = MVC;
			sourceTree = "<group>";
		};
		1EC603B51E9632DB00B0F53F /* CustomLayout */ = {
			isa = PBXGroup;
			children = (
				1EC603B61E9632DB00B0F53F /* JKSeparatorLayout.h */,
				1EC603B71E9632DB00B0F53F /* JKSeparatorLayout.m */,
				1E1A04F91E96349800F4BDB8 /* WBCustomLayoutViewController.h */,
				1E1A04FA1E96349800F4BDB8 /* WBCustomLayoutViewController.m */,
				1E1A04FC1E96360400F4BDB8 /* WBCustomSeparatorView.h */,
				1E1A04FD1E96360400F4BDB8 /* WBCustomSeparatorView.m */,
				1EE2B4C31E9CDC56003A58C6 /* WBWaterFallLayout.swift */,
				1EE2B4C51E9CDE0D003A58C6 /* WBWaterFallViewController.h */,
				1EE2B4C61E9CDE0D003A58C6 /* WBWaterFallViewController.m */,
			);
			path = CustomLayout;
			sourceTree = "<group>";
		};
		1ED1F5751E80FFAD00C0EF58 /* Demos Catalog */ = {
			isa = PBXGroup;
			children = (
				1ED1F5761E80FFD100C0EF58 /* WBDemosCell.h */,
				1ED1F5771E80FFD100C0EF58 /* WBDemosCell.m */,
				1ED1F57A1E80FFD100C0EF58 /* WBListKitDemosViewController.h */,
				1ED1F57B1E80FFD100C0EF58 /* WBListKitDemosViewController.m */,
			);
			name = "Demos Catalog";
			path = Demos;
			sourceTree = "<group>";
		};
		1ED1F57F1E8105C000C0EF58 /* SimpleList */ = {
			isa = PBXGroup;
			children = (
				1ED1F5801E8105D400C0EF58 /* WBSimpleListViewController.h */,
				1ED1F5811E8105D400C0EF58 /* WBSimpleListViewController.m */,
				1ED1F5831E8105ED00C0EF58 /* WBSimpleListCell.h */,
				1ED1F5841E8105ED00C0EF58 /* WBSimpleListCell.m */,
				1ED1F5861E81077400C0EF58 /* WBSimpleListAutoLayoutCell.h */,
				1ED1F5871E81077400C0EF58 /* WBSimpleListAutoLayoutCell.m */,
			);
			path = SimpleList;
			sourceTree = "<group>";
		};
		1ED1F5891E8124DA00C0EF58 /* Reformer */ = {
			isa = PBXGroup;
			children = (
				1ED1F58A1E8124F500C0EF58 /* WBReformerListViewController.h */,
				1ED1F58B1E8124F500C0EF58 /* WBReformerListViewController.m */,
				1ED1F58D1E81250A00C0EF58 /* WBReformerListCell.h */,
				1ED1F58E1E81250A00C0EF58 /* WBReformerListCell.m */,
				1ED1F5901E81252100C0EF58 /* WBReformerListCellReformer.h */,
				1ED1F5911E81252100C0EF58 /* WBReformerListCellReformer.m */,
			);
			path = Reformer;
			sourceTree = "<group>";
		};
		1ED1F5931E81583100C0EF58 /* HeaderFooter */ = {
			isa = PBXGroup;
			children = (
				1ED1F5941E81584900C0EF58 /* WBListHeaderFooterViewController.h */,
				1ED1F5951E81584900C0EF58 /* WBListHeaderFooterViewController.m */,
				1ED1F5971E81591C00C0EF58 /* WBHeaderFooterCell.h */,
				1ED1F5981E81591C00C0EF58 /* WBHeaderFooterCell.m */,
				1ED1F59A1E81592F00C0EF58 /* WBDemoHeaderView.h */,
				1ED1F59B1E81592F00C0EF58 /* WBDemoHeaderView.m */,
				1ED1F59D1E81594000C0EF58 /* WBDemoFooterView.h */,
				1ED1F59E1E81594000C0EF58 /* WBDemoFooterView.m */,
			);
			path = HeaderFooter;
			sourceTree = "<group>";
		};
		1ED1F5A81E824A9400C0EF58 /* Swift */ = {
			isa = PBXGroup;
			children = (
				1ED1F5AD1E824AD900C0EF58 /* WBSwiftListViewController.swift */,
				1ED1F5AF1E824F9100C0EF58 /* WBSwiftListCell.swift */,
				1ED1F5AC1E824AD900C0EF58 /* WBListKit_Example-Bridging-Header.h */,
			);
			path = Swift;
			sourceTree = "<group>";
		};
		1EE3D77B1E8B89F1006D4B66 /* MultiDataSource */ = {
			isa = PBXGroup;
			children = (
				1EE3D77C1E8B8A0B006D4B66 /* WBMultiSourceController.h */,
				1EE3D77D1E8B8A0B006D4B66 /* WBMultiSourceController.m */,
				1EE3D77F1E8B8A35006D4B66 /* WBLeftTableSource.h */,
				1EE3D7801E8B8A35006D4B66 /* WBLeftTableSource.m */,
				1EE3D7821E8B8A4B006D4B66 /* WBRightTableSource.h */,
				1EE3D7831E8B8A4B006D4B66 /* WBRightTableSource.m */,
			);
			path = MultiDataSource;
			sourceTree = "<group>";
		};
		6003F581195388D10070C39A = {
			isa = PBXGroup;
			children = (
				60FF7A9C1954A5C5007DD14C /* Podspec Metadata */,
				6003F593195388D20070C39A /* Example for WBListKit */,
				6003F5B5195388D20070C39A /* Tests */,
				6003F58C195388D20070C39A /* Frameworks */,
				6003F58B195388D20070C39A /* Products */,
				CB3262A321830CE91852395F /* Pods */,
			);
			sourceTree = "<group>";
		};
		6003F58B195388D20070C39A /* Products */ = {
			isa = PBXGroup;
			children = (
				6003F58A195388D20070C39A /* WBListKit_Example.app */,
				6003F5AE195388D20070C39A /* WBListKit_Tests.xctest */,
			);
			name = Products;
			sourceTree = "<group>";
		};
		6003F58C195388D20070C39A /* Frameworks */ = {
			isa = PBXGroup;
			children = (
				6003F58D195388D20070C39A /* Foundation.framework */,
				6003F58F195388D20070C39A /* CoreGraphics.framework */,
				6003F591195388D20070C39A /* UIKit.framework */,
				6003F5AF195388D20070C39A /* XCTest.framework */,
				612CC99D1429A9BECB5F184D /* Pods_WBListKit_Example.framework */,
				3D8CBE0B799444E8D0182178 /* Pods_WBListKit_Tests.framework */,
			);
			name = Frameworks;
			sourceTree = "<group>";
		};
		6003F593195388D20070C39A /* Example for WBListKit */ = {
			isa = PBXGroup;
			children = (
				C26717461EEA47E2006B85B7 /* nib */,
				C2411FD01ED5543900D87C48 /* ExpandingCell */,
				C2AD80BC1EC5A8470006CA07 /* EmptyViewExample */,
				C2099A8D1EC2B60E0081234A /* WBListEmptyViewKit */,
				1ED1F5751E80FFAD00C0EF58 /* Demos Catalog */,
				1EC603B51E9632DB00B0F53F /* CustomLayout */,
				1E3E89E31E94D6D6003C8CD2 /* Nested */,
				1E3E89CE1E8FBE07003C8CD2 /* CollectionView */,
				1EE3D77B1E8B89F1006D4B66 /* MultiDataSource */,
				1E4DD0251E84EC64001C02AD /* MVC */,
				1ED1F5A81E824A9400C0EF58 /* Swift */,
				1ED1F5931E81583100C0EF58 /* HeaderFooter */,
				1ED1F5891E8124DA00C0EF58 /* Reformer */,
				1ED1F57F1E8105C000C0EF58 /* SimpleList */,
				6003F59C195388D20070C39A /* WBAppDelegate.h */,
				6003F59D195388D20070C39A /* WBAppDelegate.m */,
				71719F9D1E33DC2100824A3D /* LaunchScreen.storyboard */,
				6003F5A8195388D20070C39A /* Images.xcassets */,
				6003F594195388D20070C39A /* Supporting Files */,
			);
			name = "Example for WBListKit";
			path = WBListKit;
			sourceTree = "<group>";
		};
		6003F594195388D20070C39A /* Supporting Files */ = {
			isa = PBXGroup;
			children = (
				6003F595195388D20070C39A /* WBListKit-Info.plist */,
				6003F596195388D20070C39A /* InfoPlist.strings */,
				6003F599195388D20070C39A /* main.m */,
				6003F59B195388D20070C39A /* WBListKit-Prefix.pch */,
			);
			name = "Supporting Files";
			sourceTree = "<group>";
		};
		6003F5B5195388D20070C39A /* Tests */ = {
			isa = PBXGroup;
			children = (
				6003F5BB195388D20070C39A /* Tests.m */,
				6003F5B6195388D20070C39A /* Supporting Files */,
			);
			path = Tests;
			sourceTree = "<group>";
		};
		6003F5B6195388D20070C39A /* Supporting Files */ = {
			isa = PBXGroup;
			children = (
				6003F5B7195388D20070C39A /* Tests-Info.plist */,
				6003F5B8195388D20070C39A /* InfoPlist.strings */,
				606FC2411953D9B200FFA9A0 /* Tests-Prefix.pch */,
			);
			name = "Supporting Files";
			sourceTree = "<group>";
		};
		60FF7A9C1954A5C5007DD14C /* Podspec Metadata */ = {
			isa = PBXGroup;
			children = (
				EA526BE8203C1AE100B80AAA /* WBListKit.podspec */,
				1363FF33A83E7E741116A44C /* README.md */,
				5617393B1F68044640BCA2BA /* LICENSE */,
			);
			name = "Podspec Metadata";
			sourceTree = "<group>";
		};
		C2099A8D1EC2B60E0081234A /* WBListEmptyViewKit */ = {
			isa = PBXGroup;
			children = (
				C2099A901EC2BB7E0081234A /* WBListEmptyKitDataSource.swift */,
				C2099A921EC2BBDE0081234A /* WBListEmptyKitDelegate.swift */,
				C2CC21B81EC308C6007E6600 /* WBListEmptyKitNameSpace.swift */,
				C2CC21BA1EC313D4007E6600 /* WBListEmptyKit.swift */,
				C2CC21BC1EC31AA7007E6600 /* WBListEmptyKitEmptyView.swift */,
			);
			name = WBListEmptyViewKit;
			path = EmptyView;
			sourceTree = "<group>";
		};
		C2411FD01ED5543900D87C48 /* ExpandingCell */ = {
			isa = PBXGroup;
			children = (
				C2411FD11ED5545500D87C48 /* WBExpandingCellViewController.h */,
				C2411FD21ED5545500D87C48 /* WBExpandingCellViewController.m */,
				C2411FD41ED5547400D87C48 /* WBExpandingCell.h */,
				C2411FD51ED5547400D87C48 /* WBExpandingCell.m */,
				C2411FD71ED5549900D87C48 /* WBExpandingCellReformer.h */,
				C2411FD81ED5549900D87C48 /* WBExpandingCellReformer.m */,
			);
			path = ExpandingCell;
			sourceTree = "<group>";
		};
		C26717461EEA47E2006B85B7 /* nib */ = {
			isa = PBXGroup;
			children = (
				C26717471EEA47E2006B85B7 /* WBListNibCell.h */,
				C26717481EEA47E2006B85B7 /* WBListNibCell.m */,
				C26717491EEA47E2006B85B7 /* WBListNibCell.xib */,
				C267174C1EEA4825006B85B7 /* WBListNibViewController.h */,
				C267174D1EEA4825006B85B7 /* WBListNibViewController.m */,
			);
			path = nib;
			sourceTree = "<group>";
		};
		C2AD80BC1EC5A8470006CA07 /* EmptyViewExample */ = {
			isa = PBXGroup;
			children = (
				C2AD80BD1EC5A8470006CA07 /* OC */,
				C2AD80BE1EC5A8470006CA07 /* SWIFT */,
			);
			path = EmptyViewExample;
			sourceTree = "<group>";
		};
		C2AD80BD1EC5A8470006CA07 /* OC */ = {
			isa = PBXGroup;
			children = (
				C28E6E041EC5B50800846A66 /* WBOCEmptyViewController.h */,
				C28E6E051EC5B50800846A66 /* WBOCEmptyViewController.m */,
			);
			path = OC;
			sourceTree = "<group>";
		};
		C2AD80BE1EC5A8470006CA07 /* SWIFT */ = {
			isa = PBXGroup;
			children = (
				C28E6E021EC5B4F100846A66 /* WBSwiftEmptyViewController.swift */,
			);
			path = SWIFT;
			sourceTree = "<group>";
		};
		CB3262A321830CE91852395F /* Pods */ = {
			isa = PBXGroup;
			children = (
				F178E417C75900A9BFEDDA43 /* Pods-WBListKit_Example.debug.xcconfig */,
				E0E7AE40CECE50A361CB12DC /* Pods-WBListKit_Example.release.xcconfig */,
				01C39DECA6237ACF30C4D96B /* Pods-WBListKit_Tests.debug.xcconfig */,
				70EAA3DCE0066AD1E81DF29D /* Pods-WBListKit_Tests.release.xcconfig */,
			);
			name = Pods;
			sourceTree = "<group>";
		};
/* End PBXGroup section */

/* Begin PBXNativeTarget section */
		6003F589195388D20070C39A /* WBListKit_Example */ = {
			isa = PBXNativeTarget;
			buildConfigurationList = 6003F5BF195388D20070C39A /* Build configuration list for PBXNativeTarget "WBListKit_Example" */;
			buildPhases = (
				22BE9EC5D82254BC0B635AB1 /* [CP] Check Pods Manifest.lock */,
				6003F586195388D20070C39A /* Sources */,
				6003F587195388D20070C39A /* Frameworks */,
				6003F588195388D20070C39A /* Resources */,
				FBCFA3E02AFA554B32E95562 /* [CP] Embed Pods Frameworks */,
				6FF8CB03F7B14DE299FA648B /* [CP] Copy Pods Resources */,
			);
			buildRules = (
			);
			dependencies = (
			);
			name = WBListKit_Example;
			productName = WBListKit;
			productReference = 6003F58A195388D20070C39A /* WBListKit_Example.app */;
			productType = "com.apple.product-type.application";
		};
		6003F5AD195388D20070C39A /* WBListKit_Tests */ = {
			isa = PBXNativeTarget;
			buildConfigurationList = 6003F5C2195388D20070C39A /* Build configuration list for PBXNativeTarget "WBListKit_Tests" */;
			buildPhases = (
				6DB74C4FD2483AB594871AA3 /* [CP] Check Pods Manifest.lock */,
				6003F5AA195388D20070C39A /* Sources */,
				6003F5AB195388D20070C39A /* Frameworks */,
				6003F5AC195388D20070C39A /* Resources */,
				84EC8F821F6910BF47466516 /* [CP] Embed Pods Frameworks */,
				B936D7EC1A97DB1D8C7899C1 /* [CP] Copy Pods Resources */,
			);
			buildRules = (
			);
			dependencies = (
				6003F5B4195388D20070C39A /* PBXTargetDependency */,
			);
			name = WBListKit_Tests;
			productName = WBListKitTests;
			productReference = 6003F5AE195388D20070C39A /* WBListKit_Tests.xctest */;
			productType = "com.apple.product-type.bundle.unit-test";
		};
/* End PBXNativeTarget section */

/* Begin PBXProject section */
		6003F582195388D10070C39A /* Project object */ = {
			isa = PBXProject;
			attributes = {
				CLASSPREFIX = WB;
				LastUpgradeCheck = 0830;
				ORGANIZATIONNAME = "xcoder.fang@gmail.com";
				TargetAttributes = {
					6003F589195388D20070C39A = {
						DevelopmentTeam = EJA352Y795;
						LastSwiftMigration = 0820;
						ProvisioningStyle = Manual;
					};
					6003F5AD195388D20070C39A = {
						TestTargetID = 6003F589195388D20070C39A;
					};
				};
			};
			buildConfigurationList = 6003F585195388D10070C39A /* Build configuration list for PBXProject "WBListKit" */;
			compatibilityVersion = "Xcode 3.2";
			developmentRegion = English;
			hasScannedForEncodings = 0;
			knownRegions = (
				en,
				Base,
			);
			mainGroup = 6003F581195388D10070C39A;
			productRefGroup = 6003F58B195388D20070C39A /* Products */;
			projectDirPath = "";
			projectRoot = "";
			targets = (
				6003F589195388D20070C39A /* WBListKit_Example */,
				6003F5AD195388D20070C39A /* WBListKit_Tests */,
			);
		};
/* End PBXProject section */

/* Begin PBXResourcesBuildPhase section */
		6003F588195388D20070C39A /* Resources */ = {
			isa = PBXResourcesBuildPhase;
			buildActionMask = 2147483647;
			files = (
				C267174B1EEA47E2006B85B7 /* WBListNibCell.xib in Resources */,
				71719F9F1E33DC2100824A3D /* LaunchScreen.storyboard in Resources */,
				6003F5A9195388D20070C39A /* Images.xcassets in Resources */,
				6003F598195388D20070C39A /* InfoPlist.strings in Resources */,
			);
			runOnlyForDeploymentPostprocessing = 0;
		};
		6003F5AC195388D20070C39A /* Resources */ = {
			isa = PBXResourcesBuildPhase;
			buildActionMask = 2147483647;
			files = (
				6003F5BA195388D20070C39A /* InfoPlist.strings in Resources */,
			);
			runOnlyForDeploymentPostprocessing = 0;
		};
/* End PBXResourcesBuildPhase section */

/* Begin PBXShellScriptBuildPhase section */
		22BE9EC5D82254BC0B635AB1 /* [CP] Check Pods Manifest.lock */ = {
			isa = PBXShellScriptBuildPhase;
			buildActionMask = 2147483647;
			files = (
			);
			inputPaths = (
			);
			name = "[CP] Check Pods Manifest.lock";
			outputPaths = (
			);
			runOnlyForDeploymentPostprocessing = 0;
			shellPath = /bin/sh;
			shellScript = "diff \"${PODS_ROOT}/../Podfile.lock\" \"${PODS_ROOT}/Manifest.lock\" > /dev/null\nif [ $? != 0 ] ; then\n    # print error to STDERR\n    echo \"error: The sandbox is not in sync with the Podfile.lock. Run 'pod install' or update your CocoaPods installation.\" >&2\n    exit 1\nfi\n";
			showEnvVarsInLog = 0;
		};
		6DB74C4FD2483AB594871AA3 /* [CP] Check Pods Manifest.lock */ = {
			isa = PBXShellScriptBuildPhase;
			buildActionMask = 2147483647;
			files = (
			);
			inputPaths = (
			);
			name = "[CP] Check Pods Manifest.lock";
			outputPaths = (
			);
			runOnlyForDeploymentPostprocessing = 0;
			shellPath = /bin/sh;
			shellScript = "diff \"${PODS_ROOT}/../Podfile.lock\" \"${PODS_ROOT}/Manifest.lock\" > /dev/null\nif [ $? != 0 ] ; then\n    # print error to STDERR\n    echo \"error: The sandbox is not in sync with the Podfile.lock. Run 'pod install' or update your CocoaPods installation.\" >&2\n    exit 1\nfi\n";
			showEnvVarsInLog = 0;
		};
		6FF8CB03F7B14DE299FA648B /* [CP] Copy Pods Resources */ = {
			isa = PBXShellScriptBuildPhase;
			buildActionMask = 2147483647;
			files = (
			);
			inputPaths = (
			);
			name = "[CP] Copy Pods Resources";
			outputPaths = (
			);
			runOnlyForDeploymentPostprocessing = 0;
			shellPath = /bin/sh;
			shellScript = "\"${SRCROOT}/Pods/Target Support Files/Pods-WBListKit_Example/Pods-WBListKit_Example-resources.sh\"\n";
			showEnvVarsInLog = 0;
		};
		84EC8F821F6910BF47466516 /* [CP] Embed Pods Frameworks */ = {
			isa = PBXShellScriptBuildPhase;
			buildActionMask = 2147483647;
			files = (
			);
			inputPaths = (
			);
			name = "[CP] Embed Pods Frameworks";
			outputPaths = (
			);
			runOnlyForDeploymentPostprocessing = 0;
			shellPath = /bin/sh;
			shellScript = "\"${SRCROOT}/Pods/Target Support Files/Pods-WBListKit_Tests/Pods-WBListKit_Tests-frameworks.sh\"\n";
			showEnvVarsInLog = 0;
		};
		B936D7EC1A97DB1D8C7899C1 /* [CP] Copy Pods Resources */ = {
			isa = PBXShellScriptBuildPhase;
			buildActionMask = 2147483647;
			files = (
			);
			inputPaths = (
			);
			name = "[CP] Copy Pods Resources";
			outputPaths = (
			);
			runOnlyForDeploymentPostprocessing = 0;
			shellPath = /bin/sh;
			shellScript = "\"${SRCROOT}/Pods/Target Support Files/Pods-WBListKit_Tests/Pods-WBListKit_Tests-resources.sh\"\n";
			showEnvVarsInLog = 0;
		};
		FBCFA3E02AFA554B32E95562 /* [CP] Embed Pods Frameworks */ = {
			isa = PBXShellScriptBuildPhase;
			buildActionMask = 2147483647;
			files = (
			);
			inputPaths = (
			);
			name = "[CP] Embed Pods Frameworks";
			outputPaths = (
			);
			runOnlyForDeploymentPostprocessing = 0;
			shellPath = /bin/sh;
			shellScript = "\"${SRCROOT}/Pods/Target Support Files/Pods-WBListKit_Example/Pods-WBListKit_Example-frameworks.sh\"\n";
			showEnvVarsInLog = 0;
		};
/* End PBXShellScriptBuildPhase section */

/* Begin PBXSourcesBuildPhase section */
		6003F586195388D20070C39A /* Sources */ = {
			isa = PBXSourcesBuildPhase;
			buildActionMask = 2147483647;
			files = (
				C28E6E031EC5B4F100846A66 /* WBSwiftEmptyViewController.swift in Sources */,
				1ED1F5B01E824F9100C0EF58 /* WBSwiftListCell.swift in Sources */,
				1EE3D77E1E8B8A0B006D4B66 /* WBMultiSourceController.m in Sources */,
				6003F59E195388D20070C39A /* WBAppDelegate.m in Sources */,
				1EE2B4C41E9CDC56003A58C6 /* WBWaterFallLayout.swift in Sources */,
				1ED1F57C1E80FFD100C0EF58 /* WBDemosCell.m in Sources */,
				1E4DD02A1E84EC81001C02AD /* WBMVCTableListDataSource.m in Sources */,
				1ED1F58F1E81250A00C0EF58 /* WBReformerListCell.m in Sources */,
				1ED1F59F1E81594000C0EF58 /* WBDemoFooterView.m in Sources */,
				1E1A04FE1E96360400F4BDB8 /* WBCustomSeparatorView.m in Sources */,
				C2CC21B91EC308C6007E6600 /* WBListEmptyKitNameSpace.swift in Sources */,
				1ED1F58C1E8124F500C0EF58 /* WBReformerListViewController.m in Sources */,
				C2FEAB381EE69EF3005BC9F3 /* WBMVCRefreshFooter.m in Sources */,
				C2CC21BB1EC313D4007E6600 /* WBListEmptyKit.swift in Sources */,
				1E3E89D11E8FBE1A003C8CD2 /* WBCollectionViewController.m in Sources */,
				1EE3D7841E8B8A4B006D4B66 /* WBRightTableSource.m in Sources */,
				1ED1F5991E81591C00C0EF58 /* WBHeaderFooterCell.m in Sources */,
				1E3E89E11E94D000003C8CD2 /* WBCollectionHeaderView.m in Sources */,
				C2099A931EC2BBDE0081234A /* WBListEmptyKitDelegate.swift in Sources */,
				1E1A04FB1E96349800F4BDB8 /* WBCustomLayoutViewController.m in Sources */,
				1EE2B4C71E9CDE0D003A58C6 /* WBWaterFallViewController.m in Sources */,
				6003F59A195388D20070C39A /* main.m in Sources */,
				C2411FD91ED5549900D87C48 /* WBExpandingCellReformer.m in Sources */,
				C2411FD61ED5547400D87C48 /* WBExpandingCell.m in Sources */,
				1ED1F5961E81584900C0EF58 /* WBListHeaderFooterViewController.m in Sources */,
				C20ACE191EE69BE50054E843 /* WBMVCRefreshHeader.m in Sources */,
				1ED1F5921E81252100C0EF58 /* WBReformerListCellReformer.m in Sources */,
				1E3E89E61E94D6F1003C8CD2 /* WBNestedViewController.m in Sources */,
				C2411FD31ED5545500D87C48 /* WBExpandingCellViewController.m in Sources */,
				1ED1F5821E8105D400C0EF58 /* WBSimpleListViewController.m in Sources */,
				1ED1F5851E8105ED00C0EF58 /* WBSimpleListCell.m in Sources */,
				C267174E1EEA4825006B85B7 /* WBListNibViewController.m in Sources */,
				1EE3D7811E8B8A35006D4B66 /* WBLeftTableSource.m in Sources */,
				1EC603B81E9632DB00B0F53F /* JKSeparatorLayout.m in Sources */,
				1E4DD02B1E84EC81001C02AD /* WBMVCViewController.m in Sources */,
				1E3E89D41E8FBE57003C8CD2 /* WBCollectionViewCell.m in Sources */,
				1E3E89E91E94D702003C8CD2 /* WBNestedTableViewCell.m in Sources */,
				C2099A911EC2BB7E0081234A /* WBListEmptyKitDataSource.swift in Sources */,
				1ED1F5881E81077400C0EF58 /* WBSimpleListAutoLayoutCell.m in Sources */,
				C267174A1EEA47E2006B85B7 /* WBListNibCell.m in Sources */,
				1E3E89EC1E94D717003C8CD2 /* WBNestedCollectionViewCell.m in Sources */,
				C2CC21BD1EC31AA7007E6600 /* WBListEmptyKitEmptyView.swift in Sources */,
				C28E6E061EC5B50800846A66 /* WBOCEmptyViewController.m in Sources */,
				1ED1F5AE1E824AD900C0EF58 /* WBSwiftListViewController.swift in Sources */,
				1ED1F59C1E81592F00C0EF58 /* WBDemoHeaderView.m in Sources */,
				1ED1F57E1E80FFD100C0EF58 /* WBListKitDemosViewController.m in Sources */,
			);
			runOnlyForDeploymentPostprocessing = 0;
		};
		6003F5AA195388D20070C39A /* Sources */ = {
			isa = PBXSourcesBuildPhase;
			buildActionMask = 2147483647;
			files = (
				6003F5BC195388D20070C39A /* Tests.m in Sources */,
			);
			runOnlyForDeploymentPostprocessing = 0;
		};
/* End PBXSourcesBuildPhase section */

/* Begin PBXTargetDependency section */
		6003F5B4195388D20070C39A /* PBXTargetDependency */ = {
			isa = PBXTargetDependency;
			target = 6003F589195388D20070C39A /* WBListKit_Example */;
			targetProxy = 6003F5B3195388D20070C39A /* PBXContainerItemProxy */;
		};
/* End PBXTargetDependency section */

/* Begin PBXVariantGroup section */
		6003F596195388D20070C39A /* InfoPlist.strings */ = {
			isa = PBXVariantGroup;
			children = (
				6003F597195388D20070C39A /* en */,
			);
			name = InfoPlist.strings;
			sourceTree = "<group>";
		};
		6003F5B8195388D20070C39A /* InfoPlist.strings */ = {
			isa = PBXVariantGroup;
			children = (
				6003F5B9195388D20070C39A /* en */,
			);
			name = InfoPlist.strings;
			sourceTree = "<group>";
		};
		71719F9D1E33DC2100824A3D /* LaunchScreen.storyboard */ = {
			isa = PBXVariantGroup;
			children = (
				71719F9E1E33DC2100824A3D /* Base */,
			);
			name = LaunchScreen.storyboard;
			sourceTree = "<group>";
		};
/* End PBXVariantGroup section */

/* Begin XCBuildConfiguration section */
		6003F5BD195388D20070C39A /* Debug */ = {
			isa = XCBuildConfiguration;
			buildSettings = {
				ALWAYS_EMBED_SWIFT_STANDARD_LIBRARIES = YES;
				ALWAYS_SEARCH_USER_PATHS = NO;
				CLANG_CXX_LANGUAGE_STANDARD = "gnu++0x";
				CLANG_CXX_LIBRARY = "libc++";
				CLANG_ENABLE_MODULES = YES;
				CLANG_ENABLE_OBJC_ARC = YES;
				CLANG_WARN_BOOL_CONVERSION = YES;
				CLANG_WARN_CONSTANT_CONVERSION = YES;
				CLANG_WARN_DIRECT_OBJC_ISA_USAGE = YES_ERROR;
				CLANG_WARN_EMPTY_BODY = YES;
				CLANG_WARN_ENUM_CONVERSION = YES;
				CLANG_WARN_INFINITE_RECURSION = YES;
				CLANG_WARN_INT_CONVERSION = YES;
				CLANG_WARN_OBJC_ROOT_CLASS = YES_ERROR;
				CLANG_WARN_SUSPICIOUS_MOVE = YES;
				CLANG_WARN_UNREACHABLE_CODE = YES;
				CLANG_WARN__DUPLICATE_METHOD_MATCH = YES;
				"CODE_SIGN_IDENTITY[sdk=iphoneos*]" = "iPhone Developer";
				COPY_PHASE_STRIP = NO;
				DEFINES_MODULE = YES;
				ENABLE_STRICT_OBJC_MSGSEND = YES;
				ENABLE_TESTABILITY = YES;
				GCC_C_LANGUAGE_STANDARD = gnu99;
				GCC_DYNAMIC_NO_PIC = NO;
				GCC_NO_COMMON_BLOCKS = YES;
				GCC_OPTIMIZATION_LEVEL = 0;
				GCC_PREPROCESSOR_DEFINITIONS = (
					"DEBUG=1",
					"$(inherited)",
				);
				GCC_SYMBOLS_PRIVATE_EXTERN = NO;
				GCC_WARN_64_TO_32_BIT_CONVERSION = YES;
				GCC_WARN_ABOUT_RETURN_TYPE = YES_ERROR;
				GCC_WARN_UNDECLARED_SELECTOR = YES;
				GCC_WARN_UNINITIALIZED_AUTOS = YES_AGGRESSIVE;
				GCC_WARN_UNUSED_FUNCTION = YES;
				GCC_WARN_UNUSED_VARIABLE = YES;
				IPHONEOS_DEPLOYMENT_TARGET = 8.0;
				ONLY_ACTIVE_ARCH = YES;
				PRODUCT_MODULE_NAME = OCAndSwift;
				SDKROOT = iphoneos;
				TARGETED_DEVICE_FAMILY = "1,2";
			};
			name = Debug;
		};
		6003F5BE195388D20070C39A /* Release */ = {
			isa = XCBuildConfiguration;
			buildSettings = {
				ALWAYS_EMBED_SWIFT_STANDARD_LIBRARIES = YES;
				ALWAYS_SEARCH_USER_PATHS = NO;
				CLANG_CXX_LANGUAGE_STANDARD = "gnu++0x";
				CLANG_CXX_LIBRARY = "libc++";
				CLANG_ENABLE_MODULES = YES;
				CLANG_ENABLE_OBJC_ARC = YES;
				CLANG_WARN_BOOL_CONVERSION = YES;
				CLANG_WARN_CONSTANT_CONVERSION = YES;
				CLANG_WARN_DIRECT_OBJC_ISA_USAGE = YES_ERROR;
				CLANG_WARN_EMPTY_BODY = YES;
				CLANG_WARN_ENUM_CONVERSION = YES;
				CLANG_WARN_INFINITE_RECURSION = YES;
				CLANG_WARN_INT_CONVERSION = YES;
				CLANG_WARN_OBJC_ROOT_CLASS = YES_ERROR;
				CLANG_WARN_SUSPICIOUS_MOVE = YES;
				CLANG_WARN_UNREACHABLE_CODE = YES;
				CLANG_WARN__DUPLICATE_METHOD_MATCH = YES;
				"CODE_SIGN_IDENTITY[sdk=iphoneos*]" = "iPhone Developer";
				COPY_PHASE_STRIP = YES;
				DEFINES_MODULE = YES;
				ENABLE_NS_ASSERTIONS = NO;
				ENABLE_STRICT_OBJC_MSGSEND = YES;
				GCC_C_LANGUAGE_STANDARD = gnu99;
				GCC_NO_COMMON_BLOCKS = YES;
				GCC_WARN_64_TO_32_BIT_CONVERSION = YES;
				GCC_WARN_ABOUT_RETURN_TYPE = YES_ERROR;
				GCC_WARN_UNDECLARED_SELECTOR = YES;
				GCC_WARN_UNINITIALIZED_AUTOS = YES_AGGRESSIVE;
				GCC_WARN_UNUSED_FUNCTION = YES;
				GCC_WARN_UNUSED_VARIABLE = YES;
				IPHONEOS_DEPLOYMENT_TARGET = 8.0;
				PRODUCT_MODULE_NAME = OCAndSwift;
				SDKROOT = iphoneos;
				SWIFT_OPTIMIZATION_LEVEL = "-Owholemodule";
				TARGETED_DEVICE_FAMILY = "1,2";
				VALIDATE_PRODUCT = YES;
			};
			name = Release;
		};
		6003F5C0195388D20070C39A /* Debug */ = {
			isa = XCBuildConfiguration;
			baseConfigurationReference = F178E417C75900A9BFEDDA43 /* Pods-WBListKit_Example.debug.xcconfig */;
			buildSettings = {
				ASSETCATALOG_COMPILER_APPICON_NAME = AppIcon;
				CLANG_ENABLE_MODULES = YES;
				DEVELOPMENT_TEAM = EJA352Y795;
				GCC_PRECOMPILE_PREFIX_HEADER = YES;
				GCC_PREFIX_HEADER = "WBListKit/WBListKit-Prefix.pch";
				INFOPLIST_FILE = "WBListKit/WBListKit-Info.plist";
				LD_RUNPATH_SEARCH_PATHS = "$(inherited) @executable_path/Frameworks";
				MODULE_NAME = ExampleApp;
				PRODUCT_BUNDLE_IDENTIFIER = com.taofang.iphone;
				PRODUCT_NAME = "$(TARGET_NAME)";
				PROVISIONING_PROFILE = "f2397904-b66c-4479-94a1-677fc01c99bb";
				PROVISIONING_PROFILE_SPECIFIER = Dev_Taofang_iphone;
				SWIFT_OBJC_BRIDGING_HEADER = "WBListKit/Swift/WBListKit_Example-Bridging-Header.h";
				SWIFT_OPTIMIZATION_LEVEL = "-Onone";
				SWIFT_VERSION = 3.0;
				TARGETED_DEVICE_FAMILY = 1;
				WRAPPER_EXTENSION = app;
			};
			name = Debug;
		};
		6003F5C1195388D20070C39A /* Release */ = {
			isa = XCBuildConfiguration;
			baseConfigurationReference = E0E7AE40CECE50A361CB12DC /* Pods-WBListKit_Example.release.xcconfig */;
			buildSettings = {
				ASSETCATALOG_COMPILER_APPICON_NAME = AppIcon;
				CLANG_ENABLE_MODULES = YES;
				DEVELOPMENT_TEAM = "";
				GCC_PRECOMPILE_PREFIX_HEADER = YES;
				GCC_PREFIX_HEADER = "WBListKit/WBListKit-Prefix.pch";
				INFOPLIST_FILE = "WBListKit/WBListKit-Info.plist";
				LD_RUNPATH_SEARCH_PATHS = "$(inherited) @executable_path/Frameworks";
				MODULE_NAME = ExampleApp;
				PRODUCT_BUNDLE_IDENTIFIER = com.taofang.iphone;
				PRODUCT_NAME = "$(TARGET_NAME)";
				PROVISIONING_PROFILE_SPECIFIER = "";
				SWIFT_OBJC_BRIDGING_HEADER = "WBListKit/Swift/WBListKit_Example-Bridging-Header.h";
				SWIFT_VERSION = 3.0;
				TARGETED_DEVICE_FAMILY = 1;
				WRAPPER_EXTENSION = app;
			};
			name = Release;
		};
		6003F5C3195388D20070C39A /* Debug */ = {
			isa = XCBuildConfiguration;
			baseConfigurationReference = 01C39DECA6237ACF30C4D96B /* Pods-WBListKit_Tests.debug.xcconfig */;
			buildSettings = {
				ALWAYS_EMBED_SWIFT_STANDARD_LIBRARIES = YES;
				BUNDLE_LOADER = "$(TEST_HOST)";
				FRAMEWORK_SEARCH_PATHS = (
					"$(SDKROOT)/Developer/Library/Frameworks",
					"$(inherited)",
					"$(DEVELOPER_FRAMEWORKS_DIR)",
				);
				GCC_PRECOMPILE_PREFIX_HEADER = YES;
				GCC_PREFIX_HEADER = "Tests/Tests-Prefix.pch";
				GCC_PREPROCESSOR_DEFINITIONS = (
					"DEBUG=1",
					"$(inherited)",
				);
				INFOPLIST_FILE = "Tests/Tests-Info.plist";
				PRODUCT_BUNDLE_IDENTIFIER = "org.cocoapods.demo.${PRODUCT_NAME:rfc1034identifier}";
				PRODUCT_NAME = "$(TARGET_NAME)";
				TEST_HOST = "$(BUILT_PRODUCTS_DIR)/WBListKit_Example.app/WBListKit_Example";
				WRAPPER_EXTENSION = xctest;
			};
			name = Debug;
		};
		6003F5C4195388D20070C39A /* Release */ = {
			isa = XCBuildConfiguration;
			baseConfigurationReference = 70EAA3DCE0066AD1E81DF29D /* Pods-WBListKit_Tests.release.xcconfig */;
			buildSettings = {
				ALWAYS_EMBED_SWIFT_STANDARD_LIBRARIES = YES;
				BUNDLE_LOADER = "$(TEST_HOST)";
				FRAMEWORK_SEARCH_PATHS = (
					"$(SDKROOT)/Developer/Library/Frameworks",
					"$(inherited)",
					"$(DEVELOPER_FRAMEWORKS_DIR)",
				);
				GCC_PRECOMPILE_PREFIX_HEADER = YES;
				GCC_PREFIX_HEADER = "Tests/Tests-Prefix.pch";
				INFOPLIST_FILE = "Tests/Tests-Info.plist";
				PRODUCT_BUNDLE_IDENTIFIER = "org.cocoapods.demo.${PRODUCT_NAME:rfc1034identifier}";
				PRODUCT_NAME = "$(TARGET_NAME)";
				TEST_HOST = "$(BUILT_PRODUCTS_DIR)/WBListKit_Example.app/WBListKit_Example";
				WRAPPER_EXTENSION = xctest;
			};
			name = Release;
		};
/* End XCBuildConfiguration section */

/* Begin XCConfigurationList section */
		6003F585195388D10070C39A /* Build configuration list for PBXProject "WBListKit" */ = {
			isa = XCConfigurationList;
			buildConfigurations = (
				6003F5BD195388D20070C39A /* Debug */,
				6003F5BE195388D20070C39A /* Release */,
			);
			defaultConfigurationIsVisible = 0;
			defaultConfigurationName = Release;
		};
		6003F5BF195388D20070C39A /* Build configuration list for PBXNativeTarget "WBListKit_Example" */ = {
			isa = XCConfigurationList;
			buildConfigurations = (
				6003F5C0195388D20070C39A /* Debug */,
				6003F5C1195388D20070C39A /* Release */,
			);
			defaultConfigurationIsVisible = 0;
			defaultConfigurationName = Release;
		};
		6003F5C2195388D20070C39A /* Build configuration list for PBXNativeTarget "WBListKit_Tests" */ = {
			isa = XCConfigurationList;
			buildConfigurations = (
				6003F5C3195388D20070C39A /* Debug */,
				6003F5C4195388D20070C39A /* Release */,
			);
			defaultConfigurationIsVisible = 0;
			defaultConfigurationName = Release;
		};
/* End XCConfigurationList section */
	};
	rootObject = 6003F582195388D10070C39A /* Project object */;
}
